dependencies:
  devDependencies:
    - "@types/jest"
    - "@typescript-eslint/eslint-plugin"
    - "@typescript-eslint/parser"
    - eslint
    - eslint-config-prettier
    - jest
    - prettier
    - rimraf
    - ts-jest
    - typescript
files:
  - hash: >-
      n1uS6ajZMpOfiWQhE24L1oIsASvT63ay5GkxYOiYFBgF2SiwUbHQVMxdtPq9a5KyBtaZkpUtk7A/9frYkb1nzw==
    path: .eslintrc
  - hash: >-
      fxSZnVg1JXiEGv1w/4+1LpWhyUWeFgVRnyX8grd7X6S0JOseqVFI+GZS4O8s7QGhF0D2c/RfzdmEEbCDjdrbcw==
    path: .gitignore
  - hash: >-
      7sMiOmK0ZjcQbCxHzfFGC2/K/52PLB7N/HqEEsJLtiaPkDX/JkFR6irQ62zJVaGwHF75gMsYyMhiOdzSvFR7hA==
    path: jest.config.json
  - once: true
    path: README.md
  - once: true
    path: src/index.test.ts
  - once: true
    path: src/index.ts
  - hash: >-
      ix4emDAZ0kkpEZmfLFPj2RdsGuU1Cc3HpQTpCrsze9cB79ItutHn747PSBikMXNOKq9B6m9KATleE0UqrijIWQ==
    path: tsconfig.build.json
  - hash: >-
      t+ujqIspDkLi28denECkaL5CgLPSR1sIH2knjNI4md0GcCnX2E86zApCb2kNitveQG5PE2ix8gefk5bNeU47oQ==
    path: tsconfig.json
scripts:
  - build
  - lint
  - lint:eslint
  - lint:prettier
  - lint:types
  - prebuild
  - test
version: 1
